{
  "name": "redisinsight",
  "version": "2.66.0",
  "lockfileVersion": 3,
  "requires": true,
  "packages": {
    "": {
      "name": "redisinsight",
      "version": "2.66.0",
      "dependencies": {
        "i18next": "^26.0.3",
        "i18next-browser-languagedetector": "^8.2.1",
        "react-i18next": "^17.0.2"
      }
    },
    "node_modules/@babel/runtime": {
      "version": "7.29.2",
      "resolved": "https://registry.npmmirror.com/@babel/runtime/-/runtime-7.29.2.tgz",
      "integrity": "sha512-JiDShH45zKHWyGe4ZNVRrCjBz8Nh9TMmZG1kh4QTK8hCBTWBi8Da+i7s1fJw7/lYpM4ccepSNfqzZ/QvABBi5g==",
      "license": "MIT",
      "engines": {
        "node": ">=6.9.0"
      }
    },
    "node_modules/html-parse-stringify": {
      "version": "3.0.1",
      "resolved": "https://registry.npmmirror.com/html-parse-stringify/-/html-parse-stringify-3.0.1.tgz",
      "integrity": "sha512-KknJ50kTInJ7qIScF3jeaFRpMpE8/lfiTdzf/twXyPBLAGrLRTmkz3AdTnKeh40X8k9L2fdYwEp/42WGXIRGcg==",
      "license": "MIT",
      "dependencies": {
        "void-elements": "3.1.0"
      }
    },
    "node_modules/i18next": {
      "version": "26.0.3",
      "resolved": "https://registry.npmmirror.com/i18next/-/i18next-26.0.3.tgz",
      "integrity": "sha512-1571kXINxHKY7LksWp8wP+zP0YqHSSpl/OW0Y0owFEf2H3s8gCAffWaZivcz14rMkOvn3R/psiQxVsR9t2Nafg==",
      "funding": [
        {
          "type": "individual",
          "url": "https://www.locize.com/i18next"
        },
        {
          "type": "individual",
          "url": "https://www.i18next.com/how-to/faq#i18next-is-awesome.-how-can-i-support-the-project"
        },
        {
          "type": "individual",
          "url": "https://www.locize.com"
        }
      ],
      "license": "MIT",
      "dependencies": {
        "@babel/runtime": "^7.29.2"
      },
      "peerDependencies": {
        "typescript": "^5 || ^6"
      },
      "peerDependenciesMeta": {
        "typescript": {
          "optional": true
        }
      }
    },
    "node_modules/i18next-browser-languagedetector": {
      "version": "8.2.1",
      "resolved": "https://registry.npmmirror.com/i18next-browser-languagedetector/-/i18next-browser-languagedetector-8.2.1.tgz",
      "integrity": "sha512-bZg8+4bdmaOiApD7N7BPT9W8MLZG+nPTOFlLiJiT8uzKXFjhxw4v2ierCXOwB5sFDMtuA5G4kgYZ0AznZxQ/cw==",
      "license": "MIT",
      "dependencies": {
        "@babel/runtime": "^7.23.2"
      }
    },
    "node_modules/react": {
      "version": "19.2.4",
      "resolved": "https://registry.npmmirror.com/react/-/react-19.2.4.tgz",
      "integrity": "sha512-9nfp2hYpCwOjAN+8TZFGhtWEwgvWHXqESH8qT89AT/lWklpLON22Lc8pEtnpsZz7VmawabSU0gCjnj8aC0euHQ==",
      "license": "MIT",
      "peer": true,
      "engines": {
        "node": ">=0.10.0"
      }
    },
    "node_modules/react-i18next": {
      "version": "17.0.2",
      "resolved": "https://registry.npmmirror.com/react-i18next/-/react-i18next-17.0.2.tgz",
      "integrity": "sha512-shBftH2vaTWK2Bsp7FiL+cevx3xFJlvFxmsDFQSrJc+6twHkP0tv/bGa01VVWzpreUVVwU+3Hev5iFqRg65RwA==",
      "license": "MIT",
      "dependencies": {
        "@babel/runtime": "^7.29.2",
        "html-parse-stringify": "^3.0.1",
        "use-sync-external-store": "^1.6.0"
      },
      "peerDependencies": {
        "i18next": ">= 26.0.1",
        "react": ">= 16.8.0",
        "typescript": "^5 || ^6"
      },
      "peerDependenciesMeta": {
        "react-dom": {
          "optional": true
        },
        "react-native": {
          "optional": true
        },
        "typescript": {
          "optional": true
        }
      }
    },
    "node_modules/use-sync-external-store": {
      "version": "1.6.0",
      "resolved": "https://registry.npmmirror.com/use-sync-external-store/-/use-sync-external-store-1.6.0.tgz",
      "integrity": "sha512-Pp6GSwGP/NrPIrxVFAIkOQeyw8lFenOHijQWkUTrDvrF4ALqylP2C/KCkeS9dpUM3KvYRQhna5vt7IL95+ZQ9w==",
      "license": "MIT",
      "peerDependencies": {
        "react": "^16.8.0 || ^17.0.0 || ^18.0.0 || ^19.0.0"
      }
    },
    "node_modules/void-elements": {
      "version": "3.1.0",
      "resolved": "https://registry.npmmirror.com/void-elements/-/void-elements-3.1.0.tgz",
      "integrity": "sha512-Dhxzh5HZuiHQhbvTW9AMetFfBHDMYpo23Uo9btPXgdYP+3T5S+p+jgNy7spra+veYhBP2dCSgxR/i2Y02h5/6w==",
      "license": "MIT",
      "engines": {
        "node": ">=0.10.0"
      }
    }
  }
}
